
Microsoft Visual Studio Solution File, Format Version 12.00
# Visual Studio 15
VisualStudioVersion = 15.0.28307.168
MinimumVisualStudioVersion = 10.0.40219.1
Project("{9A19103F-16F7-4668-BE54-9A1E7A4F7556}") = "SupplementStore", "SupplementStore\SupplementStore.csproj", "{2B8C832D-AD32-4E7D-BA0B-6CA9761AA700}"
EndProject
Project("{9A19103F-16F7-4668-BE54-9A1E7A4F7556}") = "SupplementStore.Tests", "SupplementStore.Tests\SupplementStore.Tests.csproj", "{1FE30B9C-73D5-4EC6-9E67-D6A0773664CF}"
EndProject
Project("{FAE04EC0-301F-11D3-BF4B-00C04F79EFBC}") = "SupplementStore.Domain", "SupplementStore.Domain\SupplementStore.Domain.csproj", "{7D974106-BB80-4A49-9F31-08B021892FA4}"
EndProject
Project("{FAE04EC0-301F-11D3-BF4B-00C04F79EFBC}") = "SupplementStore.Application", "SupplementStore.Application\SupplementStore.Application.csproj", "{A0DFD5D6-3EF4-4824-B27D-44148252352F}"
EndProject
Global
	GlobalSection(SolutionConfigurationPlatforms) = preSolution
		Debug|Any CPU = Debug|Any CPU
		Release|Any CPU = Release|Any CPU
	EndGlobalSection
	GlobalSection(ProjectConfigurationPlatforms) = postSolution
		{2B8C832D-AD32-4E7D-BA0B-6CA9761AA700}.Debug|Any CPU.ActiveCfg = Debug|Any CPU
		{2B8C832D-AD32-4E7D-BA0B-6CA9761AA700}.Debug|Any CPU.Build.0 = Debug|Any CPU
		{2B8C832D-AD32-4E7D-BA0B-6CA9761AA700}.Release|Any CPU.ActiveCfg = Release|Any CPU
		{2B8C832D-AD32-4E7D-BA0B-6CA9761AA700}.Release|Any CPU.Build.0 = Release|Any CPU
		{1FE30B9C-73D5-4EC6-9E67-D6A0773664CF}.Debug|Any CPU.ActiveCfg = Debug|Any CPU
		{1FE30B9C-73D5-4EC6-9E67-D6A0773664CF}.Debug|Any CPU.Build.0 = Debug|Any CPU
		{1FE30B9C-73D5-4EC6-9E67-D6A0773664CF}.Release|Any CPU.ActiveCfg = Release|Any CPU
		{1FE30B9C-73D5-4EC6-9E67-D6A0773664CF}.Release|Any CPU.Build.0 = Release|Any CPU
		{7D974106-BB80-4A49-9F31-08B021892FA4}.Debug|Any CPU.ActiveCfg = Debug|Any CPU
		{7D974106-BB80-4A49-9F31-08B021892FA4}.Debug|Any CPU.Build.0 = Debug|Any CPU
		{7D974106-BB80-4A49-9F31-08B021892FA4}.Release|Any CPU.ActiveCfg = Release|Any CPU
		{7D974106-BB80-4A49-9F31-08B021892FA4}.Release|Any CPU.Build.0 = Release|Any CPU
		{A0DFD5D6-3EF4-4824-B27D-44148252352F}.Debug|Any CPU.ActiveCfg = Debug|Any CPU
		{A0DFD5D6-3EF4-4824-B27D-44148252352F}.Debug|Any CPU.Build.0 = Debug|Any CPU
		{A0DFD5D6-3EF4-4824-B27D-44148252352F}.Release|Any CPU.ActiveCfg = Release|Any CPU
		{A0DFD5D6-3EF4-4824-B27D-44148252352F}.Release|Any CPU.Build.0 = Release|Any CPU
	EndGlobalSection
	GlobalSection(SolutionProperties) = preSolution
		HideSolutionNode = FALSE
	EndGlobalSection
	GlobalSection(ExtensibilityGlobals) = postSolution
		SolutionGuid = {A112E41D-1499-4F6D-AC1C-A4707FE17CAA}
	EndGlobalSection
EndGlobal
